
Microsoft Visual Studio Solution File, Format Version 12.00
# Visual Studio Version 16
VisualStudioVersion = 16.0.32126.315
MinimumVisualStudioVersion = 10.0.40219.1
Project("{FAE04EC0-301F-11D3-BF4B-00C04F79EFBC}") = "Static.Task.29.03.2021", "Static.Task.29.03.2021\Static.Task.29.03.2021.csproj", "{184DDA5E-5495-48E5-9988-C36214B8AB2A}"
EndProject
Global
	GlobalSection(SolutionConfigurationPlatforms) = preSolution
		Debug|Any CPU = Debug|Any CPU
		Release|Any CPU = Release|Any CPU
	EndGlobalSection
	GlobalSection(ProjectConfigurationPlatforms) = postSolution
		{184DDA5E-5495-48E5-9988-C36214B8AB2A}.Debug|Any CPU.ActiveCfg = Debug|Any CPU
		{184DDA5E-5495-48E5-9988-C36214B8AB2A}.Debug|Any CPU.Build.0 = Debug|Any CPU
		{184DDA5E-5495-48E5-9988-C36214B8AB2A}.Release|Any CPU.ActiveCfg = Release|Any CPU
		{184DDA5E-5495-48E5-9988-C36214B8AB2A}.Release|Any CPU.Build.0 = Release|Any CPU
	EndGlobalSection
	GlobalSection(SolutionProperties) = preSolution
		HideSolutionNode = FALSE
	EndGlobalSection
	GlobalSection(ExtensibilityGlobals) = postSolution
		SolutionGuid = {AF236266-9D32-4A0D-9FF0-BEA57539CAF8}
	EndGlobalSection
EndGlobal
